# This file was autogenerated by Stack.
# You should not edit this file by hand.
# For more information, please see the documentation at:
#   https://docs.haskellstack.org/en/stable/lock_files

packages:
- completed:
    size: 57313
    subdir: definitions
    url: https://github.com/simplex-chat/protocol/archive/5643c6e27076b7444d5f4766be7efb43a7859e12.tar.gz
    cabal-file:
      size: 1815
      sha256: b582382b38715fabe1b63c4b8eb75ceb02ce583d818f589c87f3ce429959a73e
    name: simplex-definitions
    version: 0.1.0.0
    sha256: 2546abd9c770eab0d992b8a7c013c7d5e62eb2dbc2144466672f1f5bad46b7fe
    pantry-tree:
      size: 567
      sha256: 2c39a9d96c4ea0fb6dfd2408bdf6d6028cc27dd9806ff36fecc8de1b9b503c9d
  original:
    subdir: definitions
    url: https://github.com/simplex-chat/protocol/archive/5643c6e27076b7444d5f4766be7efb43a7859e12.tar.gz
snapshots:
- completed:
    size: 491389
    url: https://raw.githubusercontent.com/commercialhaskell/stackage-snapshots/master/lts/15/7.yaml
    sha256: 92ab6303fe20ec928461c82ce0980b4d17c06f4e66205a2967e476474f686c17
  original: lts-15.7
